{
  "name": "scraper",
  "lockfileVersion": 3,
  "requires": true,
  "packages": {
    "": {
      "dependencies": {
        "helmet": "^7.0.0"
      }
    },
    "node_modules/helmet": {
      "version": "7.0.0",
      "resolved": "https://registry.npmjs.org/helmet/-/helmet-7.0.0.tgz",
      "integrity": "sha512-MsIgYmdBh460ZZ8cJC81q4XJknjG567wzEmv46WOBblDb6TUd3z8/GhgmsM9pn8g2B80tAJ4m5/d3Bi1KrSUBQ==",
      "engines": {
        "node": ">=16.0.0"
      }
    }
  }
}
